
Microsoft Visual Studio Solution File, Format Version 12.00
# Visual Studio Version 16
VisualStudioVersion = 16.0.29020.237
MinimumVisualStudioVersion = 10.0.40219.1
Project("{FAE04EC0-301F-11D3-BF4B-00C04F79EFBC}") = "AskNYP.UnitTest", "..\AskNYP.UnitTest\AskNYP.UnitTest.csproj", "{009CCE4C-E4A2-44A7-B68C-4C08FF80766B}"
EndProject
Project("{FAE04EC0-301F-11D3-BF4B-00C04F79EFBC}") = "ClassLibrary1", "..\ClassLibrary1\ClassLibrary1.csproj", "{3EB2CE4B-CD4B-4A6C-ABB6-4F978876D1CC}"
EndProject
Global
	GlobalSection(SolutionConfigurationPlatforms) = preSolution
		Debug|Any CPU = Debug|Any CPU
		Release|Any CPU = Release|Any CPU
	EndGlobalSection
	GlobalSection(ProjectConfigurationPlatforms) = postSolution
		{009CCE4C-E4A2-44A7-B68C-4C08FF80766B}.Debug|Any CPU.ActiveCfg = Debug|Any CPU
		{009CCE4C-E4A2-44A7-B68C-4C08FF80766B}.Debug|Any CPU.Build.0 = Debug|Any CPU
		{009CCE4C-E4A2-44A7-B68C-4C08FF80766B}.Release|Any CPU.ActiveCfg = Release|Any CPU
		{009CCE4C-E4A2-44A7-B68C-4C08FF80766B}.Release|Any CPU.Build.0 = Release|Any CPU
		{3EB2CE4B-CD4B-4A6C-ABB6-4F978876D1CC}.Debug|Any CPU.ActiveCfg = Debug|Any CPU
		{3EB2CE4B-CD4B-4A6C-ABB6-4F978876D1CC}.Debug|Any CPU.Build.0 = Debug|Any CPU
		{3EB2CE4B-CD4B-4A6C-ABB6-4F978876D1CC}.Release|Any CPU.ActiveCfg = Release|Any CPU
		{3EB2CE4B-CD4B-4A6C-ABB6-4F978876D1CC}.Release|Any CPU.Build.0 = Release|Any CPU
	EndGlobalSection
	GlobalSection(SolutionProperties) = preSolution
		HideSolutionNode = FALSE
	EndGlobalSection
	GlobalSection(ExtensibilityGlobals) = postSolution
		SolutionGuid = {5CADB472-44DC-42D7-A14C-AAAA89EC9F1D}
	EndGlobalSection
EndGlobal
